
Microsoft Visual Studio Solution File, Format Version 12.00
# Visual Studio Version 17
VisualStudioVersion = 17.4.33103.184
MinimumVisualStudioVersion = 10.0.40219.1
Project("{9A19103F-16F7-4668-BE54-9A1E7A4F7556}") = "BSATask.Domain", "BSATask.Domain\BSATask.Domain.csproj", "{AC67095D-2565-4050-9636-92CC5EA44962}"
EndProject
Project("{9A19103F-16F7-4668-BE54-9A1E7A4F7556}") = "BSATask.WebAPI", "BSATask.WebAPI\BSATask.WebAPI.csproj", "{DCDF985A-3628-438B-B816-212821D3F6F1}"
EndProject
Project("{2150E333-8FDC-42A3-9474-1A3956D46DE8}") = "Solution Items", "Solution Items", "{F7038635-9DCF-412C-9899-4FA56AE2C74B}"
	ProjectSection(SolutionItems) = preProject
		.editorconfig = .editorconfig
	EndProjectSection
EndProject
Project("{9A19103F-16F7-4668-BE54-9A1E7A4F7556}") = "BSATask.DAL", "BSATask.DAL\BSATask.DAL.csproj", "{BCE6AC3B-48D2-46F7-926F-648D3DF777C2}"
EndProject
Global
	GlobalSection(SolutionConfigurationPlatforms) = preSolution
		Debug|Any CPU = Debug|Any CPU
		Release|Any CPU = Release|Any CPU
	EndGlobalSection
	GlobalSection(ProjectConfigurationPlatforms) = postSolution
		{AC67095D-2565-4050-9636-92CC5EA44962}.Debug|Any CPU.ActiveCfg = Debug|Any CPU
		{AC67095D-2565-4050-9636-92CC5EA44962}.Debug|Any CPU.Build.0 = Debug|Any CPU
		{AC67095D-2565-4050-9636-92CC5EA44962}.Release|Any CPU.ActiveCfg = Release|Any CPU
		{AC67095D-2565-4050-9636-92CC5EA44962}.Release|Any CPU.Build.0 = Release|Any CPU
		{DCDF985A-3628-438B-B816-212821D3F6F1}.Debug|Any CPU.ActiveCfg = Debug|Any CPU
		{DCDF985A-3628-438B-B816-212821D3F6F1}.Debug|Any CPU.Build.0 = Debug|Any CPU
		{DCDF985A-3628-438B-B816-212821D3F6F1}.Release|Any CPU.ActiveCfg = Release|Any CPU
		{DCDF985A-3628-438B-B816-212821D3F6F1}.Release|Any CPU.Build.0 = Release|Any CPU
		{BCE6AC3B-48D2-46F7-926F-648D3DF777C2}.Debug|Any CPU.ActiveCfg = Debug|Any CPU
		{BCE6AC3B-48D2-46F7-926F-648D3DF777C2}.Debug|Any CPU.Build.0 = Debug|Any CPU
		{BCE6AC3B-48D2-46F7-926F-648D3DF777C2}.Release|Any CPU.ActiveCfg = Release|Any CPU
		{BCE6AC3B-48D2-46F7-926F-648D3DF777C2}.Release|Any CPU.Build.0 = Release|Any CPU
	EndGlobalSection
	GlobalSection(SolutionProperties) = preSolution
		HideSolutionNode = FALSE
	EndGlobalSection
	GlobalSection(ExtensibilityGlobals) = postSolution
		SolutionGuid = {C5208920-339E-4B6E-9DEE-A224B64207C8}
	EndGlobalSection
EndGlobal
